
Microsoft Visual Studio Solution File, Format Version 12.00
# Visual Studio Version 16
VisualStudioVersion = 16.0.30804.86
MinimumVisualStudioVersion = 10.0.40219.1
Project("{8BC9CEB8-8B4A-11D0-8D11-00A0C91BC942}") = "ManejoInventario", "ManejoInventario\ManejoInventario.vcxproj", "{DAB2E83D-A6E1-4D30-BEA1-CC908133062D}"
EndProject
Project("{2150E333-8FDC-42A3-9474-1A3956D46DE8}") = "Semana1", "Semana1", "{F378B345-E552-4935-8B57-82446C89C955}"
EndProject
Project("{2150E333-8FDC-42A3-9474-1A3956D46DE8}") = "Semana2", "Semana2", "{1CF23672-FA8F-46B9-B7BA-6D2DE6145EB3}"
EndProject
Project("{8BC9CEB8-8B4A-11D0-8D11-00A0C91BC942}") = "TrabajoEnClaseSemana2", "TrabajoEnClaseSemana2\TrabajoEnClaseSemana2.vcxproj", "{FEC7BA6B-F61F-4DBD-AEA0-E0F6C1AD2B81}"
EndProject
Project("{2150E333-8FDC-42A3-9474-1A3956D46DE8}") = "Semana4", "Semana4", "{7687BF18-F5D5-4F10-BD3C-940139D4188E}"
EndProject
Project("{8BC9CEB8-8B4A-11D0-8D11-00A0C91BC942}") = "MapaBits", "MapaBits\MapaBits.vcxproj", "{040D7B91-67F7-4469-8484-BB29EBB25EA0}"
EndProject
Project("{2150E333-8FDC-42A3-9474-1A3956D46DE8}") = "Semana5", "Semana5", "{8E218BE6-2882-4BD7-8A8E-30E083A21E0D}"
EndProject
Project("{8BC9CEB8-8B4A-11D0-8D11-00A0C91BC942}") = "PruebaParcial1", "PruebaParcial1\PruebaParcial1.vcxproj", "{7986B5D1-932F-4045-8A42-EC9DC8E8E6D5}"
EndProject
Project("{8BC9CEB8-8B4A-11D0-8D11-00A0C91BC942}") = "Examen1", "Examen1\Examen1.vcxproj", "{77A7EC88-658E-44FF-B644-4A2EBD0AFC25}"
EndProject
Project("{2150E333-8FDC-42A3-9474-1A3956D46DE8}") = "Semana6", "Semana6", "{082C48BD-7723-4BFB-BE1D-2FEAE580B5C4}"
EndProject
Project("{8BC9CEB8-8B4A-11D0-8D11-00A0C91BC942}") = "AVL", "AVL\AVL.vcxproj", "{9ABEA7C4-641E-453F-A5BB-6EE8CF703A7F}"
EndProject
Project("{2150E333-8FDC-42A3-9474-1A3956D46DE8}") = "Semana8", "Semana8", "{D1742A0C-8263-4374-8194-44053D333388}"
EndProject
Project("{8BC9CEB8-8B4A-11D0-8D11-00A0C91BC942}") = "ejemploTablaHash", "ejemploTablaHash\ejemploTablaHash.vcxproj", "{4AD3C29C-B142-4F98-8059-80F7D2E3F1D4}"
EndProject
Project("{2150E333-8FDC-42A3-9474-1A3956D46DE8}") = "Semana10", "Semana10", "{40700EE2-18C7-418F-9265-E82D58916143}"
EndProject
Project("{8BC9CEB8-8B4A-11D0-8D11-00A0C91BC942}") = "ExamenEjercicio2.2", "ExamenEjercicio2.2\ExamenEjercicio2.2.vcxproj", "{42A65918-0116-4059-8065-558D7A16989B}"
EndProject
Global
	GlobalSection(SolutionConfigurationPlatforms) = preSolution
		Debug|x64 = Debug|x64
		Debug|x86 = Debug|x86
		Release|x64 = Release|x64
		Release|x86 = Release|x86
	EndGlobalSection
	GlobalSection(ProjectConfigurationPlatforms) = postSolution
		{DAB2E83D-A6E1-4D30-BEA1-CC908133062D}.Debug|x64.ActiveCfg = Debug|x64
		{DAB2E83D-A6E1-4D30-BEA1-CC908133062D}.Debug|x64.Build.0 = Debug|x64
		{DAB2E83D-A6E1-4D30-BEA1-CC908133062D}.Debug|x86.ActiveCfg = Debug|Win32
		{DAB2E83D-A6E1-4D30-BEA1-CC908133062D}.Debug|x86.Build.0 = Debug|Win32
		{DAB2E83D-A6E1-4D30-BEA1-CC908133062D}.Release|x64.ActiveCfg = Release|x64
		{DAB2E83D-A6E1-4D30-BEA1-CC908133062D}.Release|x64.Build.0 = Release|x64
		{DAB2E83D-A6E1-4D30-BEA1-CC908133062D}.Release|x86.ActiveCfg = Release|Win32
		{DAB2E83D-A6E1-4D30-BEA1-CC908133062D}.Release|x86.Build.0 = Release|Win32
		{FEC7BA6B-F61F-4DBD-AEA0-E0F6C1AD2B81}.Debug|x64.ActiveCfg = Debug|x64
		{FEC7BA6B-F61F-4DBD-AEA0-E0F6C1AD2B81}.Debug|x64.Build.0 = Debug|x64
		{FEC7BA6B-F61F-4DBD-AEA0-E0F6C1AD2B81}.Debug|x86.ActiveCfg = Debug|Win32
		{FEC7BA6B-F61F-4DBD-AEA0-E0F6C1AD2B81}.Debug|x86.Build.0 = Debug|Win32
		{FEC7BA6B-F61F-4DBD-AEA0-E0F6C1AD2B81}.Release|x64.ActiveCfg = Release|x64
		{FEC7BA6B-F61F-4DBD-AEA0-E0F6C1AD2B81}.Release|x64.Build.0 = Release|x64
		{FEC7BA6B-F61F-4DBD-AEA0-E0F6C1AD2B81}.Release|x86.ActiveCfg = Release|Win32
		{FEC7BA6B-F61F-4DBD-AEA0-E0F6C1AD2B81}.Release|x86.Build.0 = Release|Win32
		{040D7B91-67F7-4469-8484-BB29EBB25EA0}.Debug|x64.ActiveCfg = Debug|x64
		{040D7B91-67F7-4469-8484-BB29EBB25EA0}.Debug|x64.Build.0 = Debug|x64
		{040D7B91-67F7-4469-8484-BB29EBB25EA0}.Debug|x86.ActiveCfg = Debug|Win32
		{040D7B91-67F7-4469-8484-BB29EBB25EA0}.Debug|x86.Build.0 = Debug|Win32
		{040D7B91-67F7-4469-8484-BB29EBB25EA0}.Release|x64.ActiveCfg = Release|x64
		{040D7B91-67F7-4469-8484-BB29EBB25EA0}.Release|x64.Build.0 = Release|x64
		{040D7B91-67F7-4469-8484-BB29EBB25EA0}.Release|x86.ActiveCfg = Release|Win32
		{040D7B91-67F7-4469-8484-BB29EBB25EA0}.Release|x86.Build.0 = Release|Win32
		{7986B5D1-932F-4045-8A42-EC9DC8E8E6D5}.Debug|x64.ActiveCfg = Debug|x64
		{7986B5D1-932F-4045-8A42-EC9DC8E8E6D5}.Debug|x64.Build.0 = Debug|x64
		{7986B5D1-932F-4045-8A42-EC9DC8E8E6D5}.Debug|x86.ActiveCfg = Debug|Win32
		{7986B5D1-932F-4045-8A42-EC9DC8E8E6D5}.Debug|x86.Build.0 = Debug|Win32
		{7986B5D1-932F-4045-8A42-EC9DC8E8E6D5}.Release|x64.ActiveCfg = Release|x64
		{7986B5D1-932F-4045-8A42-EC9DC8E8E6D5}.Release|x64.Build.0 = Release|x64
		{7986B5D1-932F-4045-8A42-EC9DC8E8E6D5}.Release|x86.ActiveCfg = Release|Win32
		{7986B5D1-932F-4045-8A42-EC9DC8E8E6D5}.Release|x86.Build.0 = Release|Win32
		{77A7EC88-658E-44FF-B644-4A2EBD0AFC25}.Debug|x64.ActiveCfg = Debug|x64
		{77A7EC88-658E-44FF-B644-4A2EBD0AFC25}.Debug|x64.Build.0 = Debug|x64
		{77A7EC88-658E-44FF-B644-4A2EBD0AFC25}.Debug|x86.ActiveCfg = Debug|Win32
		{77A7EC88-658E-44FF-B644-4A2EBD0AFC25}.Debug|x86.Build.0 = Debug|Win32
		{77A7EC88-658E-44FF-B644-4A2EBD0AFC25}.Release|x64.ActiveCfg = Release|x64
		{77A7EC88-658E-44FF-B644-4A2EBD0AFC25}.Release|x64.Build.0 = Release|x64
		{77A7EC88-658E-44FF-B644-4A2EBD0AFC25}.Release|x86.ActiveCfg = Release|Win32
		{77A7EC88-658E-44FF-B644-4A2EBD0AFC25}.Release|x86.Build.0 = Release|Win32
		{9ABEA7C4-641E-453F-A5BB-6EE8CF703A7F}.Debug|x64.ActiveCfg = Debug|x64
		{9ABEA7C4-641E-453F-A5BB-6EE8CF703A7F}.Debug|x64.Build.0 = Debug|x64
		{9ABEA7C4-641E-453F-A5BB-6EE8CF703A7F}.Debug|x86.ActiveCfg = Debug|Win32
		{9ABEA7C4-641E-453F-A5BB-6EE8CF703A7F}.Debug|x86.Build.0 = Debug|Win32
		{9ABEA7C4-641E-453F-A5BB-6EE8CF703A7F}.Release|x64.ActiveCfg = Release|x64
		{9ABEA7C4-641E-453F-A5BB-6EE8CF703A7F}.Release|x64.Build.0 = Release|x64
		{9ABEA7C4-641E-453F-A5BB-6EE8CF703A7F}.Release|x86.ActiveCfg = Release|Win32
		{9ABEA7C4-641E-453F-A5BB-6EE8CF703A7F}.Release|x86.Build.0 = Release|Win32
		{4AD3C29C-B142-4F98-8059-80F7D2E3F1D4}.Debug|x64.ActiveCfg = Debug|x64
		{4AD3C29C-B142-4F98-8059-80F7D2E3F1D4}.Debug|x64.Build.0 = Debug|x64
		{4AD3C29C-B142-4F98-8059-80F7D2E3F1D4}.Debug|x86.ActiveCfg = Debug|Win32
		{4AD3C29C-B142-4F98-8059-80F7D2E3F1D4}.Debug|x86.Build.0 = Debug|Win32
		{4AD3C29C-B142-4F98-8059-80F7D2E3F1D4}.Release|x64.ActiveCfg = Release|x64
		{4AD3C29C-B142-4F98-8059-80F7D2E3F1D4}.Release|x64.Build.0 = Release|x64
		{4AD3C29C-B142-4F98-8059-80F7D2E3F1D4}.Release|x86.ActiveCfg = Release|Win32
		{4AD3C29C-B142-4F98-8059-80F7D2E3F1D4}.Release|x86.Build.0 = Release|Win32
		{42A65918-0116-4059-8065-558D7A16989B}.Debug|x64.ActiveCfg = Debug|x64
		{42A65918-0116-4059-8065-558D7A16989B}.Debug|x64.Build.0 = Debug|x64
		{42A65918-0116-4059-8065-558D7A16989B}.Debug|x86.ActiveCfg = Debug|Win32
		{42A65918-0116-4059-8065-558D7A16989B}.Debug|x86.Build.0 = Debug|Win32
		{42A65918-0116-4059-8065-558D7A16989B}.Release|x64.ActiveCfg = Release|x64
		{42A65918-0116-4059-8065-558D7A16989B}.Release|x64.Build.0 = Release|x64
		{42A65918-0116-4059-8065-558D7A16989B}.Release|x86.ActiveCfg = Release|Win32
		{42A65918-0116-4059-8065-558D7A16989B}.Release|x86.Build.0 = Release|Win32
	EndGlobalSection
	GlobalSection(SolutionProperties) = preSolution
		HideSolutionNode = FALSE
	EndGlobalSection
	GlobalSection(NestedProjects) = preSolution
		{DAB2E83D-A6E1-4D30-BEA1-CC908133062D} = {F378B345-E552-4935-8B57-82446C89C955}
		{FEC7BA6B-F61F-4DBD-AEA0-E0F6C1AD2B81} = {1CF23672-FA8F-46B9-B7BA-6D2DE6145EB3}
		{040D7B91-67F7-4469-8484-BB29EBB25EA0} = {7687BF18-F5D5-4F10-BD3C-940139D4188E}
		{7986B5D1-932F-4045-8A42-EC9DC8E8E6D5} = {8E218BE6-2882-4BD7-8A8E-30E083A21E0D}
		{77A7EC88-658E-44FF-B644-4A2EBD0AFC25} = {8E218BE6-2882-4BD7-8A8E-30E083A21E0D}
		{9ABEA7C4-641E-453F-A5BB-6EE8CF703A7F} = {082C48BD-7723-4BFB-BE1D-2FEAE580B5C4}
		{4AD3C29C-B142-4F98-8059-80F7D2E3F1D4} = {D1742A0C-8263-4374-8194-44053D333388}
		{42A65918-0116-4059-8065-558D7A16989B} = {40700EE2-18C7-418F-9265-E82D58916143}
	EndGlobalSection
	GlobalSection(ExtensibilityGlobals) = postSolution
		SolutionGuid = {C5D3ABA4-2992-4303-AEE9-CA508C351817}
	EndGlobalSection
EndGlobal
